{
  "nodes": {
    "argononed": {
      "flake": false,
      "locked": {
        "lastModified": 1729566243,
        "narHash": "sha256-DPNI0Dpk5aym3Baf5UbEe5GENDrSmmXVdriRSWE+rgk=",
        "owner": "nvmd",
        "repo": "argononed",
        "rev": "16dbee54d49b66d5654d228d1061246b440ef7cf",
        "type": "github"
      },
      "original": {
        "owner": "nvmd",
        "repo": "argononed",
        "type": "github"
      }
    },
    "claude-code-acp-src": {
      "flake": false,
      "locked": {
        "lastModified": 1770456650,
        "narHash": "sha256-mILCBqKq75JYRAAdz/xmMZSs+keaoV9Y87GzLxxfFcM=",
        "owner": "zed-industries",
        "repo": "claude-code-acp",
        "rev": "7c87fe7a8c042a312f5c1645ded151c17bb73e9c",
        "type": "github"
      },
      "original": {
        "owner": "zed-industries",
        "repo": "claude-code-acp",
        "type": "github"
      }
    },
    "crane": {
      "locked": {
        "lastModified": 1765739568,
        "narHash": "sha256-gQYx35Of4UDKUjAYvmxjUEh/DdszYeTtT6MDin4loGE=",
        "owner": "ipetkov",
        "repo": "crane",
        "rev": "67d2baff0f9f677af35db61b32b5df6863bcc075",
        "type": "github"
      },
      "original": {
        "owner": "ipetkov",
        "repo": "crane",
        "type": "github"
      }
    },
    "devshell": {
      "inputs": {
        "nixpkgs": [
          "tuios",
          "nixpkgs"
        ]
      },
      "locked": {
        "lastModified": 1741473158,
        "narHash": "sha256-kWNaq6wQUbUMlPgw8Y+9/9wP0F8SHkjy24/mN3UAppg=",
        "owner": "numtide",
        "repo": "devshell",
        "rev": "7c9e793ebe66bcba8292989a68c0419b737a22a0",
        "type": "github"
      },
      "original": {
        "owner": "numtide",
        "repo": "devshell",
        "type": "github"
      }
    },
    "flake-compat": {
      "locked": {
        "lastModified": 1767039857,
        "narHash": "sha256-vNpUSpF5Nuw8xvDLj2KCwwksIbjua2LZCqhV1LNRDns=",
        "owner": "edolstra",
        "repo": "flake-compat",
        "rev": "5edf11c44bc78a0d334f6334cdaf7d60d732daab",
        "type": "github"
      },
      "original": {
        "owner": "edolstra",
        "repo": "flake-compat",
        "type": "github"
      }
    },
    "flake-compat_2": {
      "flake": false,
      "locked": {
        "lastModified": 1746162366,
        "narHash": "sha256-5SSSZ/oQkwfcAz/o/6TlejlVGqeK08wyREBQ5qFFPhM=",
        "owner": "nix-community",
        "repo": "flake-compat",
        "rev": "0f158086a2ecdbb138cd0429410e44994f1b7e4b",
        "type": "github"
      },
      "original": {
        "owner": "nix-community",
        "repo": "flake-compat",
        "type": "github"
      }
    },
    "flake-parts": {
      "inputs": {
        "nixpkgs-lib": [
          "tuios",
          "nixpkgs"
        ]
      },
      "locked": {
        "lastModified": 1760948891,
        "narHash": "sha256-TmWcdiUUaWk8J4lpjzu4gCGxWY6/Ok7mOK4fIFfBuU4=",
        "owner": "hercules-ci",
        "repo": "flake-parts",
        "rev": "864599284fc7c0ba6357ed89ed5e2cd5040f0c04",
        "type": "github"
      },
      "original": {
        "owner": "hercules-ci",
        "repo": "flake-parts",
        "type": "github"
      }
    },
    "flake-root": {
      "locked": {
        "lastModified": 1723604017,
        "narHash": "sha256-rBtQ8gg+Dn4Sx/s+pvjdq3CB2wQNzx9XGFq/JVGCB6k=",
        "owner": "srid",
        "repo": "flake-root",
        "rev": "b759a56851e10cb13f6b8e5698af7b59c44be26e",
        "type": "github"
      },
      "original": {
        "owner": "srid",
        "repo": "flake-root",
        "type": "github"
      }
    },
    "flake-utils": {
      "inputs": {
        "systems": "systems"
      },
      "locked": {
        "lastModified": 1731533236,
        "narHash": "sha256-l0KFg5HjrsfsO/JpG+r7fRrqm12kzFHyUHqHCVpMMbI=",
        "owner": "numtide",
        "repo": "flake-utils",
        "rev": "11707dc2f618dd54ca8739b309ec4fc024de578b",
        "type": "github"
      },
      "original": {
        "owner": "numtide",
        "repo": "flake-utils",
        "type": "github"
      }
    },
    "flake-utils_2": {
      "inputs": {
        "systems": "systems_2"
      },
      "locked": {
        "lastModified": 1731533236,
        "narHash": "sha256-l0KFg5HjrsfsO/JpG+r7fRrqm12kzFHyUHqHCVpMMbI=",
        "owner": "numtide",
        "repo": "flake-utils",
        "rev": "11707dc2f618dd54ca8739b309ec4fc024de578b",
        "type": "github"
      },
      "original": {
        "owner": "numtide",
        "repo": "flake-utils",
        "type": "github"
      }
    },
    "git-hooks-nix": {
      "inputs": {
        "flake-compat": [
          "tuios",
          "flake-compat"
        ],
        "gitignore": "gitignore",
        "nixpkgs": [
          "tuios",
          "nixpkgs"
        ]
      },
      "locked": {
        "lastModified": 1760663237,
        "narHash": "sha256-BflA6U4AM1bzuRMR8QqzPXqh8sWVCNDzOdsxXEguJIc=",
        "owner": "cachix",
        "repo": "git-hooks.nix",
        "rev": "ca5b894d3e3e151ffc1db040b6ce4dcc75d31c37",
        "type": "github"
      },
      "original": {
        "owner": "cachix",
        "repo": "git-hooks.nix",
        "type": "github"
      }
    },
    "gitignore": {
      "inputs": {
        "nixpkgs": [
          "tuios",
          "git-hooks-nix",
          "nixpkgs"
        ]
      },
      "locked": {
        "lastModified": 1709087332,
        "narHash": "sha256-HG2cCnktfHsKV0s4XW83gU3F57gaTljL9KNSuG6bnQs=",
        "owner": "hercules-ci",
        "repo": "gitignore.nix",
        "rev": "637db329424fd7e46cf4185293b9cc8c88c95394",
        "type": "github"
      },
      "original": {
        "owner": "hercules-ci",
        "repo": "gitignore.nix",
        "type": "github"
      }
    },
    "helix": {
      "inputs": {
        "nixpkgs": "nixpkgs",
        "rust-overlay": "rust-overlay"
      },
      "locked": {
        "lastModified": 1770278505,
        "narHash": "sha256-O71kBz6+I+5u4FiOVvEqrv+FGcXXO16GdzVjgHYIXXg=",
        "owner": "helix-editor",
        "repo": "helix",
        "rev": "74075bb5a389051ea46437af8cab512661b3d998",
        "type": "github"
      },
      "original": {
        "owner": "helix-editor",
        "repo": "helix",
        "type": "github"
      }
    },
    "home-manager-master": {
      "inputs": {
        "nixpkgs": [
          "nixpkgs-unstable"
        ]
      },
      "locked": {
        "lastModified": 1770263241,
        "narHash": "sha256-R1WFtIvp38hS9x63dnijdJw1KyIiy30KGea6e6N7LHs=",
        "owner": "nix-community",
        "repo": "home-manager",
        "rev": "04e5203db66417d548ae1ff188a9f591836dfaa7",
        "type": "github"
      },
      "original": {
        "owner": "nix-community",
        "ref": "master",
        "repo": "home-manager",
        "type": "github"
      }
    },
    "home-manager-nixos-stable": {
      "inputs": {
        "nixpkgs": [
          "nixos-stable"
        ]
      },
      "locked": {
        "lastModified": 1770260404,
        "narHash": "sha256-3iVX1+7YUIt23hBx1WZsUllhbmP2EnXrV8tCRbLxHc8=",
        "owner": "nix-community",
        "repo": "home-manager",
        "rev": "0d782ee42c86b196acff08acfbf41bb7d13eed5b",
        "type": "github"
      },
      "original": {
        "owner": "nix-community",
        "ref": "release-25.11",
        "repo": "home-manager",
        "type": "github"
      }
    },
    "home-manager-nixos-unstable": {
      "inputs": {
        "nixpkgs": [
          "nixos-unstable"
        ]
      },
      "locked": {
        "lastModified": 1770263241,
        "narHash": "sha256-R1WFtIvp38hS9x63dnijdJw1KyIiy30KGea6e6N7LHs=",
        "owner": "nix-community",
        "repo": "home-manager",
        "rev": "04e5203db66417d548ae1ff188a9f591836dfaa7",
        "type": "github"
      },
      "original": {
        "owner": "nix-community",
        "ref": "master",
        "repo": "home-manager",
        "type": "github"
      }
    },
    "mcp-obsidian-src": {
      "flake": false,
      "locked": {
        "lastModified": 1769293325,
        "narHash": "sha256-yoRsDD+RkuyqNCakz/GZsLEP/1b9OM7/4XwyByYtPNU=",
        "owner": "bitbonsai",
        "repo": "mcp-obsidian",
        "rev": "884fe8f3fd29038d5be6412e4707576c23a743db",
        "type": "github"
      },
      "original": {
        "owner": "bitbonsai",
        "ref": "main",
        "repo": "mcp-obsidian",
        "type": "github"
      }
    },
    "mcp-server-asana-src": {
      "flake": false,
      "locked": {
        "lastModified": 1739041085,
        "narHash": "sha256-FD23+mVGcxQrFxBOZh8Oo2XNAFveGR8jEeZS2a6mb9E=",
        "owner": "roychri",
        "repo": "mcp-server-asana",
        "rev": "8509a5c4a2bf58115f89524913cd2623602bf9b5",
        "type": "github"
      },
      "original": {
        "owner": "roychri",
        "ref": "v1.6.0",
        "repo": "mcp-server-asana",
        "type": "github"
      }
    },
    "mcp-servers": {
      "inputs": {
        "mcp-obsidian-src": "mcp-obsidian-src",
        "mcp-server-asana-src": "mcp-server-asana-src",
        "mcp-things-src": "mcp-things-src"
      },
      "locked": {
        "path": "./packages/mcp-servers",
        "type": "path"
      },
      "original": {
        "path": "./packages/mcp-servers",
        "type": "path"
      },
      "parent": []
    },
    "mcp-things-src": {
      "flake": false,
      "locked": {
        "lastModified": 1768496664,
        "narHash": "sha256-SLvyDOFWuXBKzVk/rhIuvudM+1iFQdc0W4YhhgISRWc=",
        "owner": "hald",
        "repo": "things-mcp",
        "rev": "1ab39479d6021e7c114518cb9bb8f250e4b3af90",
        "type": "github"
      },
      "original": {
        "owner": "hald",
        "ref": "v0.6.0",
        "repo": "things-mcp",
        "type": "github"
      }
    },
    "nix-darwin": {
      "inputs": {
        "nixpkgs": [
          "nixpkgs-unstable"
        ]
      },
      "locked": {
        "lastModified": 1770184146,
        "narHash": "sha256-DsqnN6LvXmohTRaal7tVZO/AKBuZ02kPBiZKSU4qa/k=",
        "owner": "lnl7",
        "repo": "nix-darwin",
        "rev": "0d7874ef7e3ba02d58bebb871e6e29da36fa1b37",
        "type": "github"
      },
      "original": {
        "owner": "lnl7",
        "ref": "master",
        "repo": "nix-darwin",
        "type": "github"
      }
    },
    "nix-fast-build": {
      "inputs": {
        "flake-parts": [
          "tuios",
          "flake-parts"
        ],
        "nixpkgs": [
          "tuios",
          "nixpkgs"
        ],
        "treefmt-nix": [
          "tuios",
          "treefmt-nix"
        ]
      },
      "locked": {
        "lastModified": 1760844047,
        "narHash": "sha256-keUdhTbSV3PyqGxyXLE49FxsZ/Ev1dsSZPYOtQIJoDk=",
        "owner": "Mic92",
        "repo": "nix-fast-build",
        "rev": "a0f6a196f09000e43951e543ede70140a16aa0ff",
        "type": "github"
      },
      "original": {
        "owner": "Mic92",
        "repo": "nix-fast-build",
        "type": "github"
      }
    },
    "nixos-images": {
      "inputs": {
        "nixos-stable": [
          "nixos-raspberrypi",
          "nixpkgs"
        ],
        "nixos-unstable": [
          "nixos-raspberrypi",
          "nixpkgs"
        ]
      },
      "locked": {
        "lastModified": 1747747741,
        "narHash": "sha256-LUOH27unNWbGTvZFitHonraNx0JF/55h30r9WxqrznM=",
        "owner": "nvmd",
        "repo": "nixos-images",
        "rev": "cbbd6db325775096680b65e2a32fb6187c09bbb4",
        "type": "github"
      },
      "original": {
        "owner": "nvmd",
        "ref": "sdimage-installer",
        "repo": "nixos-images",
        "type": "github"
      }
    },
    "nixos-raspberrypi": {
      "inputs": {
        "argononed": "argononed",
        "flake-compat": "flake-compat",
        "nixos-images": "nixos-images",
        "nixpkgs": "nixpkgs_2"
      },
      "locked": {
        "lastModified": 1769297295,
        "narHash": "sha256-WNI4AzwrYPeKzI/maEE+pRm8y+l9+zELkmVzMzOrOfY=",
        "owner": "nvmd",
        "repo": "nixos-raspberrypi",
        "rev": "251861d8e7e4806e185a8e41e09b3ad1e6e088e6",
        "type": "github"
      },
      "original": {
        "owner": "nvmd",
        "ref": "main",
        "repo": "nixos-raspberrypi",
        "type": "github"
      }
    },
    "nixos-stable": {
      "locked": {
        "lastModified": 1770136044,
        "narHash": "sha256-tlFqNG/uzz2++aAmn4v8J0vAkV3z7XngeIIB3rM3650=",
        "owner": "nixos",
        "repo": "nixpkgs",
        "rev": "e576e3c9cf9bad747afcddd9e34f51d18c855b4e",
        "type": "github"
      },
      "original": {
        "owner": "nixos",
        "ref": "nixos-25.11",
        "repo": "nixpkgs",
        "type": "github"
      }
    },
    "nixos-unstable": {
      "locked": {
        "lastModified": 1770197578,
        "narHash": "sha256-AYqlWrX09+HvGs8zM6ebZ1pwUqjkfpnv8mewYwAo+iM=",
        "owner": "nixos",
        "repo": "nixpkgs",
        "rev": "00c21e4c93d963c50d4c0c89bfa84ed6e0694df2",
        "type": "github"
      },
      "original": {
        "owner": "nixos",
        "ref": "nixos-unstable",
        "repo": "nixpkgs",
        "type": "github"
      }
    },
    "nixpkgs": {
      "locked": {
        "lastModified": 1759381078,
        "narHash": "sha256-gTrEEp5gEspIcCOx9PD8kMaF1iEmfBcTbO0Jag2QhQs=",
        "owner": "nixos",
        "repo": "nixpkgs",
        "rev": "7df7ff7d8e00218376575f0acdcc5d66741351ee",
        "type": "github"
      },
      "original": {
        "owner": "nixos",
        "ref": "nixos-unstable",
        "repo": "nixpkgs",
        "type": "github"
      }
    },
    "nixpkgs-unstable": {
      "locked": {
        "lastModified": 1770169770,
        "narHash": "sha256-awR8qIwJxJJiOmcEGgP2KUqYmHG4v/z8XpL9z8FnT1A=",
        "owner": "nixos",
        "repo": "nixpkgs",
        "rev": "aa290c9891fa4ebe88f8889e59633d20cc06a5f2",
        "type": "github"
      },
      "original": {
        "owner": "nixos",
        "ref": "nixpkgs-unstable",
        "repo": "nixpkgs",
        "type": "github"
      }
    },
    "nixpkgs_2": {
      "locked": {
        "lastModified": 1769296100,
        "narHash": "sha256-T5VGtbz2X+waw2P1dYvLa56osxj3cNZArfa5aRBVT+s=",
        "owner": "nvmd",
        "repo": "nixpkgs",
        "rev": "87f37c7a374071ec0924b99b846c1a7cc44a8c6c",
        "type": "github"
      },
      "original": {
        "owner": "nvmd",
        "ref": "modules-with-keys-25.11",
        "repo": "nixpkgs",
        "type": "github"
      }
    },
    "nixpkgs_3": {
      "locked": {
        "lastModified": 1765934234,
        "narHash": "sha256-pJjWUzNnjbIAMIc5gRFUuKCDQ9S1cuh3b2hKgA7Mc4A=",
        "owner": "NixOS",
        "repo": "nixpkgs",
        "rev": "af84f9d270d404c17699522fab95bbf928a2d92f",
        "type": "github"
      },
      "original": {
        "owner": "NixOS",
        "ref": "nixpkgs-unstable",
        "repo": "nixpkgs",
        "type": "github"
      }
    },
    "obsidian-agent-client-src": {
      "flake": false,
      "locked": {
        "lastModified": 1770476835,
        "narHash": "sha256-cDeTbMMJ7XBIoTBtrAWKpQOTLJFUa7x03/13FuHchC8=",
        "owner": "RAIT-09",
        "repo": "obsidian-agent-client",
        "rev": "2a2f75d2e1484ec4a110a32bd6917a83fdcbe430",
        "type": "github"
      },
      "original": {
        "owner": "RAIT-09",
        "repo": "obsidian-agent-client",
        "type": "github"
      }
    },
    "obsidian-plugins": {
      "inputs": {
        "claude-code-acp-src": "claude-code-acp-src",
        "obsidian-agent-client-src": "obsidian-agent-client-src"
      },
      "locked": {
        "path": "./packages/obsidian-plugins",
        "type": "path"
      },
      "original": {
        "path": "./packages/obsidian-plugins",
        "type": "path"
      },
      "parent": []
    },
    "root": {
      "inputs": {
        "flake-utils": "flake-utils",
        "helix": "helix",
        "home-manager-master": "home-manager-master",
        "home-manager-nixos-stable": "home-manager-nixos-stable",
        "home-manager-nixos-unstable": "home-manager-nixos-unstable",
        "mcp-servers": "mcp-servers",
        "nix-darwin": "nix-darwin",
        "nixos-raspberrypi": "nixos-raspberrypi",
        "nixos-stable": "nixos-stable",
        "nixos-unstable": "nixos-unstable",
        "nixpkgs-unstable": "nixpkgs-unstable",
        "obsidian-plugins": "obsidian-plugins",
        "tuios": "tuios",
        "zjstatus": "zjstatus"
      }
    },
    "rust-overlay": {
      "inputs": {
        "nixpkgs": [
          "helix",
          "nixpkgs"
        ]
      },
      "locked": {
        "lastModified": 1759631821,
        "narHash": "sha256-V8A1L0FaU/aSXZ1QNJScxC12uP4hANeRBgI4YdhHeRM=",
        "owner": "oxalica",
        "repo": "rust-overlay",
        "rev": "1d7cbdaad90f8a5255a89a6eddd8af24dc89cafe",
        "type": "github"
      },
      "original": {
        "owner": "oxalica",
        "repo": "rust-overlay",
        "type": "github"
      }
    },
    "rust-overlay_2": {
      "inputs": {
        "nixpkgs": [
          "zjstatus",
          "nixpkgs"
        ]
      },
      "locked": {
        "lastModified": 1765939271,
        "narHash": "sha256-7F/d+ZrTYyOxnBZcleQZjOOEWc1IMXR/CLLRLLsVtHo=",
        "owner": "oxalica",
        "repo": "rust-overlay",
        "rev": "8028944c1339469124639da276d403d8ab7929a8",
        "type": "github"
      },
      "original": {
        "owner": "oxalica",
        "repo": "rust-overlay",
        "type": "github"
      }
    },
    "systems": {
      "locked": {
        "lastModified": 1681028828,
        "narHash": "sha256-Vy1rq5AaRuLzOxct8nz4T6wlgyUR7zLU309k9mBC768=",
        "owner": "nix-systems",
        "repo": "default",
        "rev": "da67096a3b9bf56a91d16901293e51ba5b49a27e",
        "type": "github"
      },
      "original": {
        "owner": "nix-systems",
        "repo": "default",
        "type": "github"
      }
    },
    "systems_2": {
      "locked": {
        "lastModified": 1681028828,
        "narHash": "sha256-Vy1rq5AaRuLzOxct8nz4T6wlgyUR7zLU309k9mBC768=",
        "owner": "nix-systems",
        "repo": "default",
        "rev": "da67096a3b9bf56a91d16901293e51ba5b49a27e",
        "type": "github"
      },
      "original": {
        "owner": "nix-systems",
        "repo": "default",
        "type": "github"
      }
    },
    "treefmt-nix": {
      "inputs": {
        "nixpkgs": [
          "tuios",
          "nixpkgs"
        ]
      },
      "locked": {
        "lastModified": 1760945191,
        "narHash": "sha256-ZRVs8UqikBa4Ki3X4KCnMBtBW0ux1DaT35tgsnB1jM4=",
        "owner": "numtide",
        "repo": "treefmt-nix",
        "rev": "f56b1934f5f8fcab8deb5d38d42fd692632b47c2",
        "type": "github"
      },
      "original": {
        "owner": "numtide",
        "repo": "treefmt-nix",
        "type": "github"
      }
    },
    "tuios": {
      "inputs": {
        "devshell": "devshell",
        "flake-compat": "flake-compat_2",
        "flake-parts": "flake-parts",
        "flake-root": "flake-root",
        "git-hooks-nix": "git-hooks-nix",
        "nix-fast-build": "nix-fast-build",
        "nixpkgs": [
          "nixpkgs-unstable"
        ],
        "treefmt-nix": "treefmt-nix"
      },
      "locked": {
        "lastModified": 1769536142,
        "narHash": "sha256-+Ty+pQQDUIJwAiWNC6zEXZgWBtHOGsqtifHuOLBedX8=",
        "owner": "Gaurav-Gosain",
        "repo": "tuios",
        "rev": "5f6b345c9ea429206eb281d213d040149576fd10",
        "type": "github"
      },
      "original": {
        "owner": "Gaurav-Gosain",
        "repo": "tuios",
        "type": "github"
      }
    },
    "zjstatus": {
      "inputs": {
        "crane": "crane",
        "flake-utils": "flake-utils_2",
        "nixpkgs": "nixpkgs_3",
        "rust-overlay": "rust-overlay_2"
      },
      "locked": {
        "lastModified": 1766016463,
        "narHash": "sha256-aWp608krMtk5I+c3GXyuHkb6ugah40cBI0R52fNqMiI=",
        "owner": "dj95",
        "repo": "zjstatus",
        "rev": "9a4b88fdceee8eb2b8c28111c53e94254d61c994",
        "type": "github"
      },
      "original": {
        "owner": "dj95",
        "repo": "zjstatus",
        "type": "github"
      }
    }
  },
  "root": "root",
  "version": 7
}
