{
  "nodes": {
    "obsidian-agent-client-src": {
      "flake": false,
      "locked": {
        "lastModified": 1789366186,
        "narHash": "sha256-aPUci+nxxsOLRm8JG3h1yMspIRJPwEx/t/FbEr++w0E=",
        "owner": "RAIT-09",
        "repo": "obsidian-agent-client",
        "rev": "3d069c91636588be4e65d955e670403a9ea642d8",
        "type": "github"
      },
      "original": {
        "owner": "RAIT-09",
        "repo": "obsidian-agent-client",
        "type": "github"
      }
    },
    "root": {
      "inputs": {
        "obsidian-agent-client-src": "obsidian-agent-client-src"
      }
    }
  },
  "root": "root",
  "version": 7
}
