{
  "nodes": {
    "obsidian-agent-client-src": {
      "flake": false,
      "locked": {
        "lastModified": 1786718633,
        "narHash": "sha256-sID/u1k5WQgUPUFEPJYGrHi/VZPxDxGzJBKhbctQ42o=",
        "owner": "RAIT-09",
        "repo": "obsidian-agent-client",
        "rev": "55dc9e3a3d5bfa3e2b0535585e0ea096689eec85",
        "type": "github"
      },
      "original": {
        "owner": "RAIT-09",
        "repo": "obsidian-agent-client",
        "type": "github"
      }
    },
    "root": {
      "inputs": {
        "obsidian-agent-client-src": "obsidian-agent-client-src"
      }
    }
  },
  "root": "root",
  "version": 7
}
