{
  "nodes": {
    "mcp-obsidian-src": {
      "flake": false,
      "locked": {
        "lastModified": 1784802700,
        "narHash": "sha256-WNjH97F58YVOLKshyxJTXksI4OmXE9KKmsWtnkTdaTM=",
        "owner": "bitbonsai",
        "repo": "mcp-obsidian",
        "rev": "313983bffcfb8e2e6b6c4c9f977cf0bffdc9e8c6",
        "type": "github"
      },
      "original": {
        "owner": "bitbonsai",
        "ref": "main",
        "repo": "mcp-obsidian",
        "type": "github"
      }
    },
    "mcp-slack-src": {
      "flake": false,
      "locked": {
        "lastModified": 1778799089,
        "narHash": "sha256-sfKAqY47EiUnQHO30pxGr8JxlhiXtBJVFMBZ7k9a0NM=",
        "owner": "korotovsky",
        "repo": "slack-mcp-server",
        "rev": "b88c0de3f706f4f07337c9eda7133c736d1c9524",
        "type": "github"
      },
      "original": {
        "owner": "korotovsky",
        "ref": "master",
        "repo": "slack-mcp-server",
        "type": "github"
      }
    },
    "mcp-things-src": {
      "flake": false,
      "locked": {
        "lastModified": 1780701794,
        "narHash": "sha256-EzIJcABZuszxl9zxEXBCLR27imb6EG00SH6O918/spo=",
        "owner": "hald",
        "repo": "things-mcp",
        "rev": "7e6e660a628cd2b2bd3491c1f214200d449db3f0",
        "type": "github"
      },
      "original": {
        "owner": "hald",
        "ref": "master",
        "repo": "things-mcp",
        "type": "github"
      }
    },
    "root": {
      "inputs": {
        "mcp-obsidian-src": "mcp-obsidian-src",
        "mcp-slack-src": "mcp-slack-src",
        "mcp-things-src": "mcp-things-src"
      }
    }
  },
  "root": "root",
  "version": 7
}
